
Microsoft Visual Studio Solution File, Format Version 12.00
# Visual Studio 14
VisualStudioVersion = 14.0.25420.1
MinimumVisualStudioVersion = 10.0.40219.1
Project("{FAE04EC0-301F-11D3-BF4B-00C04F79EFBC}") = "CS280-Homework-1.1", "CS280-Homework-1.1\CS280-Homework-1.1.csproj", "{FA07F749-7118-478D-B2C1-CFB4123CB561}"
EndProject
Global
	GlobalSection(SolutionConfigurationPlatforms) = preSolution
		Debug|Any CPU = Debug|Any CPU
		Release|Any CPU = Release|Any CPU
	EndGlobalSection
	GlobalSection(ProjectConfigurationPlatforms) = postSolution
		{FA07F749-7118-478D-B2C1-CFB4123CB561}.Debug|Any CPU.ActiveCfg = Debug|Any CPU
		{FA07F749-7118-478D-B2C1-CFB4123CB561}.Debug|Any CPU.Build.0 = Debug|Any CPU
		{FA07F749-7118-478D-B2C1-CFB4123CB561}.Release|Any CPU.ActiveCfg = Release|Any CPU
		{FA07F749-7118-478D-B2C1-CFB4123CB561}.Release|Any CPU.Build.0 = Release|Any CPU
	EndGlobalSection
	GlobalSection(SolutionProperties) = preSolution
		HideSolutionNode = FALSE
	EndGlobalSection
EndGlobal
